
Microsoft Visual Studio Solution File, Format Version 12.00
# Visual Studio Version 16
VisualStudioVersion = 16.0.29424.173
MinimumVisualStudioVersion = 10.0.40219.1
Project("{8BC9CEB8-8B4A-11D0-8D11-00A0C91BC942}") = "Group4-Project5", "Group4-Project5\Group4-Project5.vcxproj", "{ECAAE077-CF8A-46A2-9C32-C1C56A1DB20F}"
EndProject
Global
	GlobalSection(SolutionConfigurationPlatforms) = preSolution
		Debug|x64 = Debug|x64
		Debug|x86 = Debug|x86
		Release|x64 = Release|x64
		Release|x86 = Release|x86
	EndGlobalSection
	GlobalSection(ProjectConfigurationPlatforms) = postSolution
		{ECAAE077-CF8A-46A2-9C32-C1C56A1DB20F}.Debug|x64.ActiveCfg = Debug|x64
		{ECAAE077-CF8A-46A2-9C32-C1C56A1DB20F}.Debug|x64.Build.0 = Debug|x64
		{ECAAE077-CF8A-46A2-9C32-C1C56A1DB20F}.Debug|x86.ActiveCfg = Debug|Win32
		{ECAAE077-CF8A-46A2-9C32-C1C56A1DB20F}.Debug|x86.Build.0 = Debug|Win32
		{ECAAE077-CF8A-46A2-9C32-C1C56A1DB20F}.Release|x64.ActiveCfg = Release|x64
		{ECAAE077-CF8A-46A2-9C32-C1C56A1DB20F}.Release|x64.Build.0 = Release|x64
		{ECAAE077-CF8A-46A2-9C32-C1C56A1DB20F}.Release|x86.ActiveCfg = Release|Win32
		{ECAAE077-CF8A-46A2-9C32-C1C56A1DB20F}.Release|x86.Build.0 = Release|Win32
	EndGlobalSection
	GlobalSection(SolutionProperties) = preSolution
		HideSolutionNode = FALSE
	EndGlobalSection
	GlobalSection(ExtensibilityGlobals) = postSolution
		SolutionGuid = {0B8364FE-B82E-4BD6-AE09-E1DB737F316C}
	EndGlobalSection
EndGlobal
